// !$*UTF8*$!
{
	archiveVersion = 1;
	classes = {
	};
	objectVersion = 55;
	objects = {

/* Begin PBXBuildFile section */
		13656E6F286199D300C0A278 /* RxSwfitPlaygroudApp.swift in Sources */ = {isa = PBXBuildFile; fileRef = 13656E6E286199D300C0A278 /* RxSwfitPlaygroudApp.swift */; };
		13656E71286199D300C0A278 /* ContentView.swift in Sources */ = {isa = PBXBuildFile; fileRef = 13656E70286199D300C0A278 /* ContentView.swift */; };
		13656E73286199D500C0A278 /* Assets.xcassets in Resources */ = {isa = PBXBuildFile; fileRef = 13656E72286199D500C0A278 /* Assets.xcassets */; };
		13656E76286199D500C0A278 /* Preview Assets.xcassets in Resources */ = {isa = PBXBuildFile; fileRef = 13656E75286199D500C0A278 /* Preview Assets.xcassets */; };
		A0090D964DE13D1FE395FDD5 /* Pods_RxSwfitPlaygroud.framework in Frameworks */ = {isa = PBXBuildFile; fileRef = 86720E7075DD128008F05026 /* Pods_RxSwfitPlaygroud.framework */; };
/* End PBXBuildFile section */

/* Begin PBXFileReference section */
		13656E6B286199D300C0A278 /* RxSwfitPlaygroud.app */ = {isa = PBXFileReference; explicitFileType = wrapper.application; includeInIndex = 0; path = RxSwfitPlaygroud.app; sourceTree = BUILT_PRODUCTS_DIR; };
		13656E6E286199D300C0A278 /* RxSwfitPlaygroudApp.swift */ = {isa = PBXFileReference; lastKnownFileType = sourcecode.swift; path = RxSwfitPlaygroudApp.swift; sourceTree = "<group>"; };
		13656E70286199D300C0A278 /* ContentView.swift */ = {isa = PBXFileReference; lastKnownFileType = sourcecode.swift; path = ContentView.swift; sourceTree = "<group>"; };
		13656E72286199D500C0A278 /* Assets.xcassets */ = {isa = PBXFileReference; lastKnownFileType = folder.assetcatalog; path = Assets.xcassets; sourceTree = "<group>"; };
		13656E75286199D500C0A278 /* Preview Assets.xcassets */ = {isa = PBXFileReference; lastKnownFileType = folder.assetcatalog; path = "Preview Assets.xcassets"; sourceTree = "<group>"; };
		43864CB0629E024A16BD0D93 /* Pods-RxSwfitPlaygroud.release.xcconfig */ = {isa = PBXFileReference; includeInIndex = 1; lastKnownFileType = text.xcconfig; name = "Pods-RxSwfitPlaygroud.release.xcconfig"; path = "Target Support Files/Pods-RxSwfitPlaygroud/Pods-RxSwfitPlaygroud.release.xcconfig"; sourceTree = "<group>"; };
		86720E7075DD128008F05026 /* Pods_RxSwfitPlaygroud.framework */ = {isa = PBXFileReference; explicitFileType = wrapper.framework; includeInIndex = 0; path = Pods_RxSwfitPlaygroud.framework; sourceTree = BUILT_PRODUCTS_DIR; };
		A28E8D2F0D11DEBAE67A382E /* Pods-RxSwfitPlaygroud.debug.xcconfig */ = {isa = PBXFileReference; includeInIndex = 1; lastKnownFileType = text.xcconfig; name = "Pods-RxSwfitPlaygroud.debug.xcconfig"; path = "Target Support Files/Pods-RxSwfitPlaygroud/Pods-RxSwfitPlaygroud.debug.xcconfig"; sourceTree = "<group>"; };
/* End PBXFileReference section */

/* Begin PBXFrameworksBuildPhase section */
		13656E68286199D300C0A278 /* Frameworks */ = {
			isa = PBXFrameworksBuildPhase;
			buildActionMask = 2147483647;
			files = (
				A0090D964DE13D1FE395FDD5 /* Pods_RxSwfitPlaygroud.framework in Frameworks */,
			);
			runOnlyForDeploymentPostprocessing = 0;
		};
/* End PBXFrameworksBuildPhase section */

/* Begin PBXGroup section */
		13656E62286199D300C0A278 = {
			isa = PBXGroup;
			children = (
				13656E6D286199D300C0A278 /* RxSwfitPlaygroud */,
				13656E6C286199D300C0A278 /* Products */,
				42BBBDE0C873F56E301B29A3 /* Pods */,
				420B3C5572041B996D089508 /* Frameworks */,
			);
			sourceTree = "<group>";
		};
		13656E6C286199D300C0A278 /* Products */ = {
			isa = PBXGroup;
			children = (
				13656E6B286199D300C0A278 /* RxSwfitPlaygroud.app */,
			);
			name = Products;
			sourceTree = "<group>";
		};
		13656E6D286199D300C0A278 /* RxSwfitPlaygroud */ = {
			isa = PBXGroup;
			children = (
				13656E6E286199D300C0A278 /* RxSwfitPlaygroudApp.swift */,
				13656E70286199D300C0A278 /* ContentView.swift */,
				13656E72286199D500C0A278 /* Assets.xcassets */,
				13656E74286199D500C0A278 /* Preview Content */,
			);
			path = RxSwfitPlaygroud;
			sourceTree = "<group>";
		};
		13656E74286199D500C0A278 /* Preview Content */ = {
			isa = PBXGroup;
			children = (
				13656E75286199D500C0A278 /* Preview Assets.xcassets */,
			);
			path = "Preview Content";
			sourceTree = "<group>";
		};
		420B3C5572041B996D089508 /* Frameworks */ = {
			isa = PBXGroup;
			children = (
				86720E7075DD128008F05026 /* Pods_RxSwfitPlaygroud.framework */,
			);
			name = Frameworks;
			sourceTree = "<group>";
		};
		42BBBDE0C873F56E301B29A3 /* Pods */ = {
			isa = PBXGroup;
			children = (
				A28E8D2F0D11DEBAE67A382E /* Pods-RxSwfitPlaygroud.debug.xcconfig */,
				43864CB0629E024A16BD0D93 /* Pods-RxSwfitPlaygroud.release.xcconfig */,
			);
			path = Pods;
			sourceTree = "<group>";
		};
/* End PBXGroup section */

/* Begin PBXNativeTarget section */
		13656E6A286199D300C0A278 /* RxSwfitPlaygroud */ = {
			isa = PBXNativeTarget;
			buildConfigurationList = 13656E79286199D500C0A278 /* Build configuration list for PBXNativeTarget "RxSwfitPlaygroud" */;
			buildPhases = (
				A1CB5D1BF967F4FEDFC1A2E6 /* [CP] Check Pods Manifest.lock */,
				13656E67286199D300C0A278 /* Sources */,
				13656E68286199D300C0A278 /* Frameworks */,
				13656E69286199D300C0A278 /* Resources */,
				7824C1E111BC829DDD3E484F /* [CP] Embed Pods Frameworks */,
			);
			buildRules = (
			);
			dependencies = (
			);
			name = RxSwfitPlaygroud;
			productName = RxSwfitPlaygroud;
			productReference = 13656E6B286199D300C0A278 /* RxSwfitPlaygroud.app */;
			productType = "com.apple.product-type.application";
		};
/* End PBXNativeTarget section */

/* Begin PBXProject section */
		13656E63286199D300C0A278 /* Project object */ = {
			isa = PBXProject;
			attributes = {
				BuildIndependentTargetsInParallel = 1;
				LastSwiftUpdateCheck = 1310;
				LastUpgradeCheck = 1310;
				TargetAttributes = {
					13656E6A286199D300C0A278 = {
						CreatedOnToolsVersion = 13.1;
					};
				};
			};
			buildConfigurationList = 13656E66286199D300C0A278 /* Build configuration list for PBXProject "RxSwfitPlaygroud" */;
			compatibilityVersion = "Xcode 13.0";
			developmentRegion = en;
			hasScannedForEncodings = 0;
			knownRegions = (
				en,
				Base,
			);
			mainGroup = 13656E62286199D300C0A278;
			productRefGroup = 13656E6C286199D300C0A278 /* Products */;
			projectDirPath = "";
			projectRoot = "";
			targets = (
				13656E6A286199D300C0A278 /* RxSwfitPlaygroud */,
			);
		};
/* End PBXProject section */

/* Begin PBXResourcesBuildPhase section */
		13656E69286199D300C0A278 /* Resources */ = {
			isa = PBXResourcesBuildPhase;
			buildActionMask = 2147483647;
			files = (
				13656E76286199D500C0A278 /* Preview Assets.xcassets in Resources */,
				13656E73286199D500C0A278 /* Assets.xcassets in Resources */,
			);
			runOnlyForDeploymentPostprocessing = 0;
		};
/* End PBXResourcesBuildPhase section */

/* Begin PBXShellScriptBuildPhase section */
		7824C1E111BC829DDD3E484F /* [CP] Embed Pods Frameworks */ = {
			isa = PBXShellScriptBuildPhase;
			buildActionMask = 2147483647;
			files = (
			);
			inputFileListPaths = (
				"${PODS_ROOT}/Target Support Files/Pods-RxSwfitPlaygroud/Pods-RxSwfitPlaygroud-frameworks-${CONFIGURATION}-input-files.xcfilelist",
			);
			name = "[CP] Embed Pods Frameworks";
			outputFileListPaths = (
				"${PODS_ROOT}/Target Support Files/Pods-RxSwfitPlaygroud/Pods-RxSwfitPlaygroud-frameworks-${CONFIGURATION}-output-files.xcfilelist",
			);
			runOnlyForDeploymentPostprocessing = 0;
			shellPath = /bin/sh;
			shellScript = "\"${PODS_ROOT}/Target Support Files/Pods-RxSwfitPlaygroud/Pods-RxSwfitPlaygroud-frameworks.sh\"\n";
			showEnvVarsInLog = 0;
		};
		A1CB5D1BF967F4FEDFC1A2E6 /* [CP] Check Pods Manifest.lock */ = {
			isa = PBXShellScriptBuildPhase;
			buildActionMask = 2147483647;
			files = (
			);
			inputFileListPaths = (
			);
			inputPaths = (
				"${PODS_PODFILE_DIR_PATH}/Podfile.lock",
				"${PODS_ROOT}/Manifest.lock",
			);
			name = "[CP] Check Pods Manifest.lock";
			outputFileListPaths = (
			);
			outputPaths = (
				"$(DERIVED_FILE_DIR)/Pods-RxSwfitPlaygroud-checkManifestLockResult.txt",
			);
			runOnlyForDeploymentPostprocessing = 0;
			shellPath = /bin/sh;
			shellScript = "diff \"${PODS_PODFILE_DIR_PATH}/Podfile.lock\" \"${PODS_ROOT}/Manifest.lock\" > /dev/null\nif [ $? != 0 ] ; then\n    # print error to STDERR\n    echo \"error: The sandbox is not in sync with the Podfile.lock. Run 'pod install' or update your CocoaPods installation.\" >&2\n    exit 1\nfi\n# This output is used by Xcode 'outputs' to avoid re-running this script phase.\necho \"SUCCESS\" > \"${SCRIPT_OUTPUT_FILE_0}\"\n";
			showEnvVarsInLog = 0;
		};
/* End PBXShellScriptBuildPhase section */

/* Begin PBXSourcesBuildPhase section */
		13656E67286199D300C0A278 /* Sources */ = {
			isa = PBXSourcesBuildPhase;
			buildActionMask = 2147483647;
			files = (
				13656E71286199D300C0A278 /* ContentView.swift in Sources */,
				13656E6F286199D300C0A278 /* RxSwfitPlaygroudApp.swift in Sources */,
			);
			runOnlyForDeploymentPostprocessing = 0;
		};
/* End PBXSourcesBuildPhase section */

/* Begin XCBuildConfiguration section */
		13656E77286199D500C0A278 /* Debug */ = {
			isa = XCBuildConfiguration;
			buildSettings = {
				ALWAYS_SEARCH_USER_PATHS = NO;
				CLANG_ANALYZER_NONNULL = YES;
				CLANG_ANALYZER_NUMBER_OBJECT_CONVERSION = YES_AGGRESSIVE;
				CLANG_CXX_LANGUAGE_STANDARD = "gnu++17";
				CLANG_CXX_LIBRARY = "libc++";
				CLANG_ENABLE_MODULES = YES;
				CLANG_ENABLE_OBJC_ARC = YES;
				CLANG_ENABLE_OBJC_WEAK = YES;
				CLANG_WARN_BLOCK_CAPTURE_AUTORELEASING = YES;
				CLANG_WARN_BOOL_CONVERSION = YES;
				CLANG_WARN_COMMA = YES;
				CLANG_WARN_CONSTANT_CONVERSION = YES;
				CLANG_WARN_DEPRECATED_OBJC_IMPLEMENTATIONS = YES;
				CLANG_WARN_DIRECT_OBJC_ISA_USAGE = YES_ERROR;
				CLANG_WARN_DOCUMENTATION_COMMENTS = YES;
				CLANG_WARN_EMPTY_BODY = YES;
				CLANG_WARN_ENUM_CONVERSION = YES;
				CLANG_WARN_INFINITE_RECURSION = YES;
				CLANG_WARN_INT_CONVERSION = YES;
				CLANG_WARN_NON_LITERAL_NULL_CONVERSION = YES;
				CLANG_WARN_OBJC_IMPLICIT_RETAIN_SELF = YES;
				CLANG_WARN_OBJC_LITERAL_CONVERSION = YES;
				CLANG_WARN_OBJC_ROOT_CLASS = YES_ERROR;
				CLANG_WARN_QUOTED_INCLUDE_IN_FRAMEWORK_HEADER = YES;
				CLANG_WARN_RANGE_LOOP_ANALYSIS = YES;
				CLANG_WARN_STRICT_PROTOTYPES = YES;
				CLANG_WARN_SUSPICIOUS_MOVE = YES;
				CLANG_WARN_UNGUARDED_AVAILABILITY = YES_AGGRESSIVE;
				CLANG_WARN_UNREACHABLE_CODE = YES;
				CLANG_WARN__DUPLICATE_METHOD_MATCH = YES;
				COPY_PHASE_STRIP = NO;
				DEBUG_INFORMATION_FORMAT = dwarf;
				ENABLE_STRICT_OBJC_MSGSEND = YES;
				ENABLE_TESTABILITY = YES;
				GCC_C_LANGUAGE_STANDARD = gnu11;
				GCC_DYNAMIC_NO_PIC = NO;
				GCC_NO_COMMON_BLOCKS = YES;
				GCC_OPTIMIZATION_LEVEL = 0;
				GCC_PREPROCESSOR_DEFINITIONS = (
					"DEBUG=1",
					"$(inherited)",
				);
				GCC_WARN_64_TO_32_BIT_CONVERSION = YES;
				GCC_WARN_ABOUT_RETURN_TYPE = YES_ERROR;
				GCC_WARN_UNDECLARED_SELECTOR = YES;
				GCC_WARN_UNINITIALIZED_AUTOS = YES_AGGRESSIVE;
				GCC_WARN_UNUSED_FUNCTION = YES;
				GCC_WARN_UNUSED_VARIABLE = YES;
				IPHONEOS_DEPLOYMENT_TARGET = 15.0;
				MTL_ENABLE_DEBUG_INFO = INCLUDE_SOURCE;
				MTL_FAST_MATH = YES;
				ONLY_ACTIVE_ARCH = YES;
				SDKROOT = iphoneos;
				SWIFT_ACTIVE_COMPILATION_CONDITIONS = DEBUG;
				SWIFT_OPTIMIZATION_LEVEL = "-Onone";
			};
			name = Debug;
		};
		13656E78286199D500C0A278 /* Release */ = {
			isa = XCBuildConfiguration;
			buildSettings = {
				ALWAYS_SEARCH_USER_PATHS = NO;
				CLANG_ANALYZER_NONNULL = YES;
				CLANG_ANALYZER_NUMBER_OBJECT_CONVERSION = YES_AGGRESSIVE;
				CLANG_CXX_LANGUAGE_STANDARD = "gnu++17";
				CLANG_CXX_LIBRARY = "libc++";
				CLANG_ENABLE_MODULES = YES;
				CLANG_ENABLE_OBJC_ARC = YES;
				CLANG_ENABLE_OBJC_WEAK = YES;
				CLANG_WARN_BLOCK_CAPTURE_AUTORELEASING = YES;
				CLANG_WARN_BOOL_CONVERSION = YES;
				CLANG_WARN_COMMA = YES;
				CLANG_WARN_CONSTANT_CONVERSION = YES;
				CLANG_WARN_DEPRECATED_OBJC_IMPLEMENTATIONS = YES;
				CLANG_WARN_DIRECT_OBJC_ISA_USAGE = YES_ERROR;
				CLANG_WARN_DOCUMENTATION_COMMENTS = YES;
				CLANG_WARN_EMPTY_BODY = YES;
				CLANG_WARN_ENUM_CONVERSION = YES;
				CLANG_WARN_INFINITE_RECURSION = YES;
				CLANG_WARN_INT_CONVERSION = YES;
				CLANG_WARN_NON_LITERAL_NULL_CONVERSION = YES;
				CLANG_WARN_OBJC_IMPLICIT_RETAIN_SELF = YES;
				CLANG_WARN_OBJC_LITERAL_CONVERSION = YES;
				CLANG_WARN_OBJC_ROOT_CLASS = YES_ERROR;
				CLANG_WARN_QUOTED_INCLUDE_IN_FRAMEWORK_HEADER = YES;
				CLANG_WARN_RANGE_LOOP_ANALYSIS = YES;
				CLANG_WARN_STRICT_PROTOTYPES = YES;
				CLANG_WARN_SUSPICIOUS_MOVE = YES;
				CLANG_WARN_UNGUARDED_AVAILABILITY = YES_AGGRESSIVE;
				CLANG_WARN_UNREACHABLE_CODE = YES;
				CLANG_WARN__DUPLICATE_METHOD_MATCH = YES;
				COPY_PHASE_STRIP = NO;
				DEBUG_INFORMATION_FORMAT = "dwarf-with-dsym";
				ENABLE_NS_ASSERTIONS = NO;
				ENABLE_STRICT_OBJC_MSGSEND = YES;
				GCC_C_LANGUAGE_STANDARD = gnu11;
				GCC_NO_COMMON_BLOCKS = YES;
				GCC_WARN_64_TO_32_BIT_CONVERSION = YES;
				GCC_WARN_ABOUT_RETURN_TYPE = YES_ERROR;
				GCC_WARN_UNDECLARED_SELECTOR = YES;
				GCC_WARN_UNINITIALIZED_AUTOS = YES_AGGRESSIVE;
				GCC_WARN_UNUSED_FUNCTION = YES;
				GCC_WARN_UNUSED_VARIABLE = YES;
				IPHONEOS_DEPLOYMENT_TARGET = 15.0;
				MTL_ENABLE_DEBUG_INFO = NO;
				MTL_FAST_MATH = YES;
				SDKROOT = iphoneos;
				SWIFT_COMPILATION_MODE = wholemodule;
				SWIFT_OPTIMIZATION_LEVEL = "-O";
				VALIDATE_PRODUCT = YES;
			};
			name = Release;
		};
		13656E7A286199D500C0A278 /* Debug */ = {
			isa = XCBuildConfiguration;
			baseConfigurationReference = A28E8D2F0D11DEBAE67A382E /* Pods-RxSwfitPlaygroud.debug.xcconfig */;
			buildSettings = {
				ASSETCATALOG_COMPILER_APPICON_NAME = AppIcon;
				ASSETCATALOG_COMPILER_GLOBAL_ACCENT_COLOR_NAME = AccentColor;
				CODE_SIGN_STYLE = Automatic;
				CURRENT_PROJECT_VERSION = 1;
				DEVELOPMENT_ASSET_PATHS = "\"RxSwfitPlaygroud/Preview Content\"";
				DEVELOPMENT_TEAM = M4RX6ZEC8N;
				ENABLE_PREVIEWS = YES;
				GENERATE_INFOPLIST_FILE = YES;
				INFOPLIST_KEY_UIApplicationSceneManifest_Generation = YES;
				INFOPLIST_KEY_UIApplicationSupportsIndirectInputEvents = YES;
				INFOPLIST_KEY_UILaunchScreen_Generation = YES;
				INFOPLIST_KEY_UISupportedInterfaceOrientations_iPad = "UIInterfaceOrientationPortrait UIInterfaceOrientationPortraitUpsideDown UIInterfaceOrientationLandscapeLeft UIInterfaceOrientationLandscapeRight";
				INFOPLIST_KEY_UISupportedInterfaceOrientations_iPhone = "UIInterfaceOrientationPortrait UIInterfaceOrientationLandscapeLeft UIInterfaceOrientationLandscapeRight";
				LD_RUNPATH_SEARCH_PATHS = (
					"$(inherited)",
					"@executable_path/Frameworks",
				);
				MARKETING_VERSION = 1.0;
				PRODUCT_BUNDLE_IDENTIFIER = com.kelicheng.RxSwfitPlaygroud;
				PRODUCT_NAME = "$(TARGET_NAME)";
				SWIFT_EMIT_LOC_STRINGS = YES;
				SWIFT_VERSION = 5.0;
				TARGETED_DEVICE_FAMILY = "1,2";
			};
			name = Debug;
		};
		13656E7B286199D500C0A278 /* Release */ = {
			isa = XCBuildConfiguration;
			baseConfigurationReference = 43864CB0629E024A16BD0D93 /* Pods-RxSwfitPlaygroud.release.xcconfig */;
			buildSettings = {
				ASSETCATALOG_COMPILER_APPICON_NAME = AppIcon;
				ASSETCATALOG_COMPILER_GLOBAL_ACCENT_COLOR_NAME = AccentColor;
				CODE_SIGN_STYLE = Automatic;
				CURRENT_PROJECT_VERSION = 1;
				DEVELOPMENT_ASSET_PATHS = "\"RxSwfitPlaygroud/Preview Content\"";
				DEVELOPMENT_TEAM = M4RX6ZEC8N;
				ENABLE_PREVIEWS = YES;
				GENERATE_INFOPLIST_FILE = YES;
				INFOPLIST_KEY_UIApplicationSceneManifest_Generation = YES;
				INFOPLIST_KEY_UIApplicationSupportsIndirectInputEvents = YES;
				INFOPLIST_KEY_UILaunchScreen_Generation = YES;
				INFOPLIST_KEY_UISupportedInterfaceOrientations_iPad = "UIInterfaceOrientationPortrait UIInterfaceOrientationPortraitUpsideDown UIInterfaceOrientationLandscapeLeft UIInterfaceOrientationLandscapeRight";
				INFOPLIST_KEY_UISupportedInterfaceOrientations_iPhone = "UIInterfaceOrientationPortrait UIInterfaceOrientationLandscapeLeft UIInterfaceOrientationLandscapeRight";
				LD_RUNPATH_SEARCH_PATHS = (
					"$(inherited)",
					"@executable_path/Frameworks",
				);
				MARKETING_VERSION = 1.0;
				PRODUCT_BUNDLE_IDENTIFIER = com.kelicheng.RxSwfitPlaygroud;
				PRODUCT_NAME = "$(TARGET_NAME)";
				SWIFT_EMIT_LOC_STRINGS = YES;
				SWIFT_VERSION = 5.0;
				TARGETED_DEVICE_FAMILY = "1,2";
			};
			name = Release;
		};
/* End XCBuildConfiguration section */

/* Begin XCConfigurationList section */
		13656E66286199D300C0A278 /* Build configuration list for PBXProject "RxSwfitPlaygroud" */ = {
			isa = XCConfigurationList;
			buildConfigurations = (
				13656E77286199D500C0A278 /* Debug */,
				13656E78286199D500C0A278 /* Release */,
			);
			defaultConfigurationIsVisible = 0;
			defaultConfigurationName = Release;
		};
		13656E79286199D500C0A278 /* Build configuration list for PBXNativeTarget "RxSwfitPlaygroud" */ = {
			isa = XCConfigurationList;
			buildConfigurations = (
				13656E7A286199D500C0A278 /* Debug */,
				13656E7B286199D500C0A278 /* Release */,
			);
			defaultConfigurationIsVisible = 0;
			defaultConfigurationName = Release;
		};
/* End XCConfigurationList section */
	};
	rootObject = 13656E63286199D300C0A278 /* Project object */;
}
